
Microsoft Visual Studio Solution File, Format Version 12.00
# Visual Studio Version 16
VisualStudioVersion = 16.0.30413.136
MinimumVisualStudioVersion = 10.0.40219.1
Project("{FAE04EC0-301F-11D3-BF4B-00C04F79EFBC}") = "TP2", "TP2\TP2.csproj", "{20560577-F4DD-4421-8670-547F59E8E564}"
EndProject
Global
	GlobalSection(SolutionConfigurationPlatforms) = preSolution
		Debug|Any CPU = Debug|Any CPU
		Release|Any CPU = Release|Any CPU
	EndGlobalSection
	GlobalSection(ProjectConfigurationPlatforms) = postSolution
		{20560577-F4DD-4421-8670-547F59E8E564}.Debug|Any CPU.ActiveCfg = Debug|Any CPU
		{20560577-F4DD-4421-8670-547F59E8E564}.Debug|Any CPU.Build.0 = Debug|Any CPU
		{20560577-F4DD-4421-8670-547F59E8E564}.Release|Any CPU.ActiveCfg = Release|Any CPU
		{20560577-F4DD-4421-8670-547F59E8E564}.Release|Any CPU.Build.0 = Release|Any CPU
	EndGlobalSection
	GlobalSection(SolutionProperties) = preSolution
		HideSolutionNode = FALSE
	EndGlobalSection
	GlobalSection(ExtensibilityGlobals) = postSolution
		SolutionGuid = {2E0E229F-6B55-46FE-8BAB-79A83E639277}
	EndGlobalSection
EndGlobal
